# THIS IS AN AUTOGENERATED FILE. DO NOT EDIT THIS FILE DIRECTLY.
# yarn lockfile v1


"@tailwindcss/forms@^0.4.0":
  version "0.4.1"
  resolved "https://registry.yarnpkg.com/@tailwindcss/forms/-/forms-0.4.1.tgz#5a47ccd60490cbba84e662f2b9cf3d71a5126d17"
  integrity sha512-gS9xjCmJjUBz/eP12QlENPLnf0tCx68oYE3mri0GMP5jdtVwLbGUNSRpjsp6NzLAZzZy3ueOwrcqB78Ax6Z84A==
  dependencies:
    mini-svg-data-uri "^1.2.3"

mini-svg-data-uri@^1.2.3:
  version "1.4.4"
  resolved "https://registry.yarnpkg.com/mini-svg-data-uri/-/mini-svg-data-uri-1.4.4.tgz#8ab0aabcdf8c29ad5693ca595af19dd2ead09939"
  integrity sha512-r9deDe9p5FJUPZAk3A59wGH7Ii9YrjjWw0jmw/liSbHl2CHiyXj6FcDXDu2K3TjVAXqiJdaw3xxwlZZr9E6nHg==

tailwindcss@^4:
  version "4.0.12"
  resolved "https://registry.yarnpkg.com/tailwindcss/-/tailwindcss-4.0.12.tgz#71ab22c78810303b1156354bcc561a747169b5bd"
  integrity sha512-bT0hJo91FtncsAMSsMzUkoo/iEU0Xs5xgFgVC9XmdM9bw5MhZuQFjPNl6wxAE0SiQF/YTZJa+PndGWYSDtuxAg==
